
Microsoft Visual Studio Solution File, Format Version 12.00
# Visual Studio Version 17
VisualStudioVersion = 17.6.33829.357
MinimumVisualStudioVersion = 10.0.40219.1
Project("{FAE04EC0-301F-11D3-BF4B-00C04F79EFBC}") = "StudentRegistrationApplication", "StudentRegistrationApplication\StudentRegistrationApplication.csproj", "{B64CB16E-43EE-41B0-BE33-AE023C4E707D}"
EndProject
Global
	GlobalSection(SolutionConfigurationPlatforms) = preSolution
		Debug|Any CPU = Debug|Any CPU
		Release|Any CPU = Release|Any CPU
	EndGlobalSection
	GlobalSection(ProjectConfigurationPlatforms) = postSolution
		{B64CB16E-43EE-41B0-BE33-AE023C4E707D}.Debug|Any CPU.ActiveCfg = Debug|Any CPU
		{B64CB16E-43EE-41B0-BE33-AE023C4E707D}.Debug|Any CPU.Build.0 = Debug|Any CPU
		{B64CB16E-43EE-41B0-BE33-AE023C4E707D}.Release|Any CPU.ActiveCfg = Release|Any CPU
		{B64CB16E-43EE-41B0-BE33-AE023C4E707D}.Release|Any CPU.Build.0 = Release|Any CPU
	EndGlobalSection
	GlobalSection(SolutionProperties) = preSolution
		HideSolutionNode = FALSE
	EndGlobalSection
	GlobalSection(ExtensibilityGlobals) = postSolution
		SolutionGuid = {9A533441-E124-4074-ACBC-EBFE8FB26C4C}
	EndGlobalSection
EndGlobal
